{
  "name": "@overleaf/chatgpt-web-sidecar",
  "version": "0.1.0",
  "lockfileVersion": 3,
  "requires": true,
  "packages": {
    "": {
      "name": "@overleaf/chatgpt-web-sidecar",
      "version": "0.1.0",
      "dependencies": {
        "ajv": "8.20.0",
        "chromium-bidi": "12.0.0",
        "dotenv": "16.4.5",
        "playwright": "1.61.1"
      }
    },
    "node_modules/ajv": {
      "version": "8.20.0",
      "resolved": "https://registry.npmjs.org/ajv/-/ajv-8.20.0.tgz",
      "integrity": "sha512-Thbli+OlOj+iMPYFBVBfJ3OmCAnaSyNn4M1vz9T6Gka5Jt9ba/HIR56joy65tY6kx/FCF5VXNB819Y7/GUrBGA==",
      "dependencies": {
        "fast-deep-equal": "^3.1.3",
        "fast-uri": "^3.0.1",
        "json-schema-traverse": "^1.0.0",
        "require-from-string": "^2.0.2"
      },
      "funding": {
        "type": "github",
        "url": "https://github.com/sponsors/epoberezkin"
      }
    },
    "node_modules/chromium-bidi": {
      "version": "12.0.0",
      "resolved": "https://registry.npmjs.org/chromium-bidi/-/chromium-bidi-12.0.0.tgz",
      "integrity": "sha512-z703oisqO+hrSTwivCpV5Sg8ymizTQ70f6P8vRFcKcjbbOZ7t5D4VfNOOvXx/S/iomWkrMUTFwkCNBDE+w+oBg==",
      "dependencies": {
        "mitt": "^3.0.1",
        "zod": "^3.24.1"
      },
      "peerDependencies": {
        "devtools-protocol": "*"
      }
    },
    "node_modules/devtools-protocol": {
      "version": "0.0.1676105",
      "resolved": "https://registry.npmjs.org/devtools-protocol/-/devtools-protocol-0.0.1676105.tgz",
      "integrity": "sha512-uTag5eGcXOOlgTbHyRX5HX6JOHRS81DxzwIg4N4Tj5sZDpq00KLWSAAb8gfoJF6eQanznZtd9UJaGxA9ohT0GA==",
      "peer": true
    },
    "node_modules/dotenv": {
      "version": "16.4.5",
      "resolved": "https://registry.npmjs.org/dotenv/-/dotenv-16.4.5.tgz",
      "integrity": "sha512-ZmdL2rui+eB2YwhsWzjInR8LldtZHGDoQ1ugH85ppHKwpUHL7j7rN0Ti9NCnGiQbhaZ11FpR+7ao1dNsmduNUg==",
      "engines": {
        "node": ">=12"
      },
      "funding": {
        "url": "https://dotenvx.com"
      }
    },
    "node_modules/fast-deep-equal": {
      "version": "3.1.3",
      "resolved": "https://registry.npmjs.org/fast-deep-equal/-/fast-deep-equal-3.1.3.tgz",
      "integrity": "sha512-f3qQ9oQy9j2AhBe/H9VC91wLmKBCCU/gDOnKNAYG5hswO7BLKj09Hc5HYNz9cGI++xlpDCIgDaitVs03ATR84Q=="
    },
    "node_modules/fast-uri": {
      "version": "3.1.5",
      "resolved": "https://registry.npmjs.org/fast-uri/-/fast-uri-3.1.5.tgz",
      "integrity": "sha512-gHwA1O9LDIcKunMKhObS/HimwtehO1nPUECKAu5TpKgaO19fcWEl4bliWe1jWxVFvIXztJjjQ4L8XQ1EU9f7Jw==",
      "funding": [
        {
          "type": "github",
          "url": "https://github.com/sponsors/fastify"
        },
        {
          "type": "opencollective",
          "url": "https://opencollective.com/fastify"
        }
      ]
    },
    "node_modules/fsevents": {
      "version": "2.3.2",
      "resolved": "https://registry.npmjs.org/fsevents/-/fsevents-2.3.2.tgz",
      "integrity": "sha512-xiqMQR4xAeHTuB9uWm+fFRcIOgKBMiOBP+eXiyT7jsgVCq1bkVygt00oASowB7EdtpOHaaPgKt812P9ab+DDKA==",
      "hasInstallScript": true,
      "optional": true,
      "os": [
        "darwin"
      ],
      "engines": {
        "node": "^8.16.0 || ^10.6.0 || >=11.0.0"
      }
    },
    "node_modules/json-schema-traverse": {
      "version": "1.0.0",
      "resolved": "https://registry.npmjs.org/json-schema-traverse/-/json-schema-traverse-1.0.0.tgz",
      "integrity": "sha512-NM8/P9n3XjXhIZn1lLhkFaACTOURQXjWhV4BA/RnOv8xvgqtqpAX9IO4mRQxSx1Rlo4tqzeqb0sOlruaOy3dug=="
    },
    "node_modules/mitt": {
      "version": "3.0.1",
      "resolved": "https://registry.npmjs.org/mitt/-/mitt-3.0.1.tgz",
      "integrity": "sha512-vKivATfr97l2/QBCYAkXYDbrIWPM2IIKEl7YPhjCvKlG3kE2gm+uBo6nEXK3M5/Ffh/FLpKExzOQ3JJoJGFKBw=="
    },
    "node_modules/playwright": {
      "version": "1.61.1",
      "resolved": "https://registry.npmjs.org/playwright/-/playwright-1.61.1.tgz",
      "integrity": "sha512-DWnY5o3YbLWK4GovuAVwpqL+1VwGNdUGrRr++8j8PtQQzvAVZUIMjKQ90fY689sEJZJBbZVw1rXaOKSTitkzPQ==",
      "dependencies": {
        "playwright-core": "1.61.1"
      },
      "bin": {
        "playwright": "cli.js"
      },
      "engines": {
        "node": ">=18"
      },
      "optionalDependencies": {
        "fsevents": "2.3.2"
      }
    },
    "node_modules/playwright-core": {
      "version": "1.61.1",
      "resolved": "https://registry.npmjs.org/playwright-core/-/playwright-core-1.61.1.tgz",
      "integrity": "sha512-h7Qlt6m4REp25qvIdvbDtVmD4LqVXfpRxhORv9L0jzETM05p4fuPJ3dKyuSXQxDSbXnmS79HAgi9589lGSpLkg==",
      "bin": {
        "playwright-core": "cli.js"
      },
      "engines": {
        "node": ">=18"
      }
    },
    "node_modules/require-from-string": {
      "version": "2.0.2",
      "resolved": "https://registry.npmjs.org/require-from-string/-/require-from-string-2.0.2.tgz",
      "integrity": "sha512-Xf0nWe6RseziFMu+Ap9biiUbmplq6S9/p+7w7YXP/JBHhrUDDUhwa+vANyubuqfZWTveU//DYVGsDG7RKL/vEw==",
      "engines": {
        "node": ">=0.10.0"
      }
    },
    "node_modules/zod": {
      "version": "3.25.76",
      "resolved": "https://registry.npmjs.org/zod/-/zod-3.25.76.tgz",
      "integrity": "sha512-gzUt/qt81nXsFGKIFcC3YnfEAx5NkunCfnDlvuBSSFS02bcXu4Lmea0AFIUwbLWxWPx3d9p8S5QoaujKcNQxcQ==",
      "funding": {
        "url": "https://github.com/sponsors/colinhacks"
      }
    }
  }
}
